
Microsoft Visual Studio Solution File, Format Version 12.00
# Visual Studio Version 16
VisualStudioVersion = 16.0.29001.49
MinimumVisualStudioVersion = 10.0.40219.1
Project("{FAE04EC0-301F-11D3-BF4B-00C04F79EFBC}") = "Move Picture", "Move Picture\Move Picture.csproj", "{4998BDE0-CCE1-4CFA-BE94-9EE088D3254D}"
EndProject
Global
	GlobalSection(SolutionConfigurationPlatforms) = preSolution
		Debug|Any CPU = Debug|Any CPU
		Release|Any CPU = Release|Any CPU
	EndGlobalSection
	GlobalSection(ProjectConfigurationPlatforms) = postSolution
		{4998BDE0-CCE1-4CFA-BE94-9EE088D3254D}.Debug|Any CPU.ActiveCfg = Debug|Any CPU
		{4998BDE0-CCE1-4CFA-BE94-9EE088D3254D}.Debug|Any CPU.Build.0 = Debug|Any CPU
		{4998BDE0-CCE1-4CFA-BE94-9EE088D3254D}.Release|Any CPU.ActiveCfg = Release|Any CPU
		{4998BDE0-CCE1-4CFA-BE94-9EE088D3254D}.Release|Any CPU.Build.0 = Release|Any CPU
	EndGlobalSection
	GlobalSection(SolutionProperties) = preSolution
		HideSolutionNode = FALSE
	EndGlobalSection
	GlobalSection(ExtensibilityGlobals) = postSolution
		SolutionGuid = {B1402981-EE5A-45F2-B344-1A440FB304B8}
	EndGlobalSection
EndGlobal
